<Solution>
  <Folder Name="/DataMigrations/">
    <Project Path="DataMigrations/DsaPractice.DataMigrations.Postgres/DsaPractice.DataMigrations.Postgres.csproj" />
  </Folder>
  <Folder Name="/SolutionItems/">
    <File Path="../.github/workflows/dotnet.yml" />
    <File Path="../.gitignore" />
    <File Path="../CLAUDE.md" />
    <File Path="../docker-compose.yml" />
    <File Path="../first-promt.txt" />
    <File Path="Directory.Build.targets" />
  </Folder>
  <Folder Name="/Tests/">
    <Project Path="../tests/DsaPractice.Api.UnitTests/DsaPractice.Api.UnitTests.csproj" />
    <Project Path="../tests/DsaPractice.Api.IntegrationTests/DsaPractice.Api.IntegrationTests.csproj" />
    <Project Path="../tests/DsaPractice.Judge.UnitTests/DsaPractice.Judge.UnitTests.csproj" />
  </Folder>
  <Project Path="DsaPractice.Api/DsaPractice.Api.csproj" />
  <Project Path="DsaPractice.Contracts/DsaPractice.Contracts.csproj" />
  <Project Path="DsaPractice.DataAccess/DsaPractice.DataAccess.csproj" />
  <Project Path="DsaPractice.Judge/DsaPractice.Judge.csproj" />
</Solution>
